
Microsoft Visual Studio Solution File, Format Version 12.00
# Visual Studio Version 17
VisualStudioVersion = 17.2.32516.85
MinimumVisualStudioVersion = 10.0.40219.1
Project("{2150E333-8FDC-42A3-9474-1A3956D46DE8}") = "AbpEx", "AbpEx", "{69F5031D-4FF2-4064-9CF9-4BCAED38B053}"
EndProject
Project("{9A19103F-16F7-4668-BE54-9A1E7A4F7556}") = "AbpEx", "src\AbpEx\AbpEx.csproj", "{5586A8C8-258C-41F7-9E3A-139AD9810BD0}"
EndProject
Project("{9A19103F-16F7-4668-BE54-9A1E7A4F7556}") = "AbpEx.Tests", "test\AbpEx.Tests\AbpEx.Tests.csproj", "{B1971404-92E7-4518-8027-572976CB2FAE}"
EndProject
Project("{9A19103F-16F7-4668-BE54-9A1E7A4F7556}") = "AbpEx.Redis", "src\AbpEx.Redis\AbpEx.Redis.csproj", "{4D484720-3F85-4D0D-8EC2-A304F30890B8}"
EndProject
Project("{9A19103F-16F7-4668-BE54-9A1E7A4F7556}") = "AbpEx.Redis.Tests", "test\AbpEx.Redis.Tests\AbpEx.Redis.Tests.csproj", "{5AF06233-A0CA-4693-84BF-4D9C8AF0E9DB}"
EndProject
Project("{9A19103F-16F7-4668-BE54-9A1E7A4F7556}") = "AbpEx.Xunit", "src\AbpEx.Xunit\AbpEx.Xunit.csproj", "{E9832632-4A39-4BF3-B4A8-E91850E9C47B}"
EndProject
Project("{2150E333-8FDC-42A3-9474-1A3956D46DE8}") = "src", "src", "{43A6295D-7C45-49AB-B35A-E2E4C0A050E8}"
	ProjectSection(SolutionItems) = preProject
		src\Directory.Build.props = src\Directory.Build.props
		src\Directory.Build.targets = src\Directory.Build.targets
	EndProjectSection
EndProject
Project("{2150E333-8FDC-42A3-9474-1A3956D46DE8}") = "test", "test", "{41D86DEF-3CED-4F43-B9F8-AF421EB8CA24}"
	ProjectSection(SolutionItems) = preProject
		test\Directory.Build.props = test\Directory.Build.props
		test\Directory.Build.targets = test\Directory.Build.targets
	EndProjectSection
EndProject
Project("{2150E333-8FDC-42A3-9474-1A3956D46DE8}") = "build", "build", "{4FBBC7F5-D6FB-43DC-B674-03C7346A268B}"
	ProjectSection(SolutionItems) = preProject
		build\clean.ps1 = build\clean.ps1
		build\incre_ver.ps1 = build\incre_ver.ps1
		build\pack.ps1 = build\pack.ps1
		build\pkg.version = build\pkg.version
	EndProjectSection
EndProject
Project("{2150E333-8FDC-42A3-9474-1A3956D46DE8}") = ".github", ".github", "{B9E45210-0531-4DEB-9E03-B3CAEF4C52C8}"
	ProjectSection(SolutionItems) = preProject
		.github\workflows\build.yml = .github\workflows\build.yml
		.github\dependabot.yml = .github\dependabot.yml
		.github\workflows\send-event.yml = .github\workflows\send-event.yml
	EndProjectSection
EndProject
Project("{2150E333-8FDC-42A3-9474-1A3956D46DE8}") = "src", "src", "{C2037C3C-ED43-4531-B36F-F44126C4958A}"
EndProject
Project("{2150E333-8FDC-42A3-9474-1A3956D46DE8}") = "config", "config", "{DB9BD709-2878-485F-A882-275991601752}"
	ProjectSection(SolutionItems) = preProject
		.editorconfig = .editorconfig
		NuGet.Config = NuGet.Config
		README.md = README.md
	EndProjectSection
EndProject
Project("{FAE04EC0-301F-11D3-BF4B-00C04F79EFBC}") = "AbpEx.LightInject", "src\AbpEx.LightInject\AbpEx.LightInject.csproj", "{A84B7B51-E7B3-4CC6-8388-245EE0BC5325}"
EndProject
Project("{FAE04EC0-301F-11D3-BF4B-00C04F79EFBC}") = "AbpEx.LightInject.Tests", "test\AbpEx.LightInject.Tests\AbpEx.LightInject.Tests.csproj", "{77E23429-5AB7-49B1-95E5-45081EFBD56C}"
EndProject
Global
	GlobalSection(SolutionConfigurationPlatforms) = preSolution
		Debug|Any CPU = Debug|Any CPU
		Release|Any CPU = Release|Any CPU
	EndGlobalSection
	GlobalSection(ProjectConfigurationPlatforms) = postSolution
		{5586A8C8-258C-41F7-9E3A-139AD9810BD0}.Debug|Any CPU.ActiveCfg = Debug|Any CPU
		{5586A8C8-258C-41F7-9E3A-139AD9810BD0}.Debug|Any CPU.Build.0 = Debug|Any CPU
		{5586A8C8-258C-41F7-9E3A-139AD9810BD0}.Release|Any CPU.ActiveCfg = Release|Any CPU
		{5586A8C8-258C-41F7-9E3A-139AD9810BD0}.Release|Any CPU.Build.0 = Release|Any CPU
		{B1971404-92E7-4518-8027-572976CB2FAE}.Debug|Any CPU.ActiveCfg = Debug|Any CPU
		{B1971404-92E7-4518-8027-572976CB2FAE}.Debug|Any CPU.Build.0 = Debug|Any CPU
		{B1971404-92E7-4518-8027-572976CB2FAE}.Release|Any CPU.ActiveCfg = Release|Any CPU
		{B1971404-92E7-4518-8027-572976CB2FAE}.Release|Any CPU.Build.0 = Release|Any CPU
		{4D484720-3F85-4D0D-8EC2-A304F30890B8}.Debug|Any CPU.ActiveCfg = Debug|Any CPU
		{4D484720-3F85-4D0D-8EC2-A304F30890B8}.Debug|Any CPU.Build.0 = Debug|Any CPU
		{4D484720-3F85-4D0D-8EC2-A304F30890B8}.Release|Any CPU.ActiveCfg = Release|Any CPU
		{4D484720-3F85-4D0D-8EC2-A304F30890B8}.Release|Any CPU.Build.0 = Release|Any CPU
		{5AF06233-A0CA-4693-84BF-4D9C8AF0E9DB}.Debug|Any CPU.ActiveCfg = Debug|Any CPU
		{5AF06233-A0CA-4693-84BF-4D9C8AF0E9DB}.Debug|Any CPU.Build.0 = Debug|Any CPU
		{5AF06233-A0CA-4693-84BF-4D9C8AF0E9DB}.Release|Any CPU.ActiveCfg = Release|Any CPU
		{5AF06233-A0CA-4693-84BF-4D9C8AF0E9DB}.Release|Any CPU.Build.0 = Release|Any CPU
		{E9832632-4A39-4BF3-B4A8-E91850E9C47B}.Debug|Any CPU.ActiveCfg = Debug|Any CPU
		{E9832632-4A39-4BF3-B4A8-E91850E9C47B}.Debug|Any CPU.Build.0 = Debug|Any CPU
		{E9832632-4A39-4BF3-B4A8-E91850E9C47B}.Release|Any CPU.ActiveCfg = Release|Any CPU
		{E9832632-4A39-4BF3-B4A8-E91850E9C47B}.Release|Any CPU.Build.0 = Release|Any CPU
		{A84B7B51-E7B3-4CC6-8388-245EE0BC5325}.Debug|Any CPU.ActiveCfg = Debug|Any CPU
		{A84B7B51-E7B3-4CC6-8388-245EE0BC5325}.Debug|Any CPU.Build.0 = Debug|Any CPU
		{A84B7B51-E7B3-4CC6-8388-245EE0BC5325}.Release|Any CPU.ActiveCfg = Release|Any CPU
		{A84B7B51-E7B3-4CC6-8388-245EE0BC5325}.Release|Any CPU.Build.0 = Release|Any CPU
		{77E23429-5AB7-49B1-95E5-45081EFBD56C}.Debug|Any CPU.ActiveCfg = Debug|Any CPU
		{77E23429-5AB7-49B1-95E5-45081EFBD56C}.Debug|Any CPU.Build.0 = Debug|Any CPU
		{77E23429-5AB7-49B1-95E5-45081EFBD56C}.Release|Any CPU.ActiveCfg = Release|Any CPU
		{77E23429-5AB7-49B1-95E5-45081EFBD56C}.Release|Any CPU.Build.0 = Release|Any CPU
	EndGlobalSection
	GlobalSection(SolutionProperties) = preSolution
		HideSolutionNode = FALSE
	EndGlobalSection
	GlobalSection(NestedProjects) = preSolution
		{69F5031D-4FF2-4064-9CF9-4BCAED38B053} = {C2037C3C-ED43-4531-B36F-F44126C4958A}
		{5586A8C8-258C-41F7-9E3A-139AD9810BD0} = {43A6295D-7C45-49AB-B35A-E2E4C0A050E8}
		{B1971404-92E7-4518-8027-572976CB2FAE} = {41D86DEF-3CED-4F43-B9F8-AF421EB8CA24}
		{4D484720-3F85-4D0D-8EC2-A304F30890B8} = {43A6295D-7C45-49AB-B35A-E2E4C0A050E8}
		{5AF06233-A0CA-4693-84BF-4D9C8AF0E9DB} = {41D86DEF-3CED-4F43-B9F8-AF421EB8CA24}
		{E9832632-4A39-4BF3-B4A8-E91850E9C47B} = {43A6295D-7C45-49AB-B35A-E2E4C0A050E8}
		{43A6295D-7C45-49AB-B35A-E2E4C0A050E8} = {69F5031D-4FF2-4064-9CF9-4BCAED38B053}
		{41D86DEF-3CED-4F43-B9F8-AF421EB8CA24} = {69F5031D-4FF2-4064-9CF9-4BCAED38B053}
		{A84B7B51-E7B3-4CC6-8388-245EE0BC5325} = {43A6295D-7C45-49AB-B35A-E2E4C0A050E8}
		{77E23429-5AB7-49B1-95E5-45081EFBD56C} = {41D86DEF-3CED-4F43-B9F8-AF421EB8CA24}
	EndGlobalSection
	GlobalSection(ExtensibilityGlobals) = postSolution
		SolutionGuid = {A8ABB718-B200-438A-8C51-18280C33E805}
	EndGlobalSection
EndGlobal
